
Microsoft Visual Studio Solution File, Format Version 12.00
# Visual Studio 14
VisualStudioVersion = 14.0.25420.1
MinimumVisualStudioVersion = 10.0.40219.1
Project("{FAE04EC0-301F-11D3-BF4B-00C04F79EFBC}") = "Sheng.Mapper", "Sheng.Mapper\Sheng.Mapper.csproj", "{30E37A2B-470F-4468-93E3-99EC72F64F41}"
EndProject
Project("{FAE04EC0-301F-11D3-BF4B-00C04F79EFBC}") = "Sheng.Mapper.Test", "Sheng.Mapper.Test\Sheng.Mapper.Test.csproj", "{B5C4FC30-3738-42BE-824A-2E8A69D5965A}"
EndProject
Global
	GlobalSection(SolutionConfigurationPlatforms) = preSolution
		Debug|Any CPU = Debug|Any CPU
		Release|Any CPU = Release|Any CPU
	EndGlobalSection
	GlobalSection(ProjectConfigurationPlatforms) = postSolution
		{30E37A2B-470F-4468-93E3-99EC72F64F41}.Debug|Any CPU.ActiveCfg = Debug|Any CPU
		{30E37A2B-470F-4468-93E3-99EC72F64F41}.Debug|Any CPU.Build.0 = Debug|Any CPU
		{30E37A2B-470F-4468-93E3-99EC72F64F41}.Release|Any CPU.ActiveCfg = Release|Any CPU
		{30E37A2B-470F-4468-93E3-99EC72F64F41}.Release|Any CPU.Build.0 = Release|Any CPU
		{B5C4FC30-3738-42BE-824A-2E8A69D5965A}.Debug|Any CPU.ActiveCfg = Debug|Any CPU
		{B5C4FC30-3738-42BE-824A-2E8A69D5965A}.Debug|Any CPU.Build.0 = Debug|Any CPU
		{B5C4FC30-3738-42BE-824A-2E8A69D5965A}.Release|Any CPU.ActiveCfg = Release|Any CPU
		{B5C4FC30-3738-42BE-824A-2E8A69D5965A}.Release|Any CPU.Build.0 = Release|Any CPU
	EndGlobalSection
	GlobalSection(SolutionProperties) = preSolution
		HideSolutionNode = FALSE
	EndGlobalSection
EndGlobal
